PODS:
  - Alamofire (4.5.0)
  - MTCircularSlider (0.2.15)
  - SwiftyJSON (3.1.4)

DEPENDENCIES:
  - Alamofire
  - MTCircularSlider
  - SwiftyJSON

SPEC CHECKSUMS:
  Alamofire: f28cdffd29de33a7bfa022cbd63ae95a27fae140
  MTCircularSlider: 9dfa03bc7d512c2a9b58c58bdca63fb40abcfda8
  SwiftyJSON: c2842d878f95482ffceec5709abc3d05680c0220

PODFILE CHECKSUM: 64641b4b0928c57e51f0b9b12afb68c155f023fa

COCOAPODS: 1.2.1
